// !$*UTF8*$!
{
	archiveVersion = 1;
	classes = {
	};
	objectVersion = 48;
	objects = {

/* Begin PBXBuildFile section */
		CEDB82C21FDAC8D200432334 /* AppDelegate.swift in Sources */ = {isa = PBXBuildFile; fileRef = CEDB82C11FDAC8D200432334 /* AppDelegate.swift */; };
		CEDB82C41FDAC8D200432334 /* ViewController.swift in Sources */ = {isa = PBXBuildFile; fileRef = CEDB82C31FDAC8D200432334 /* ViewController.swift */; };
		CEDB82C71FDAC8D200432334 /* Main.storyboard in Resources */ = {isa = PBXBuildFile; fileRef = CEDB82C51FDAC8D200432334 /* Main.storyboard */; };
		CEDB82C91FDAC8D200432334 /* Assets.xcassets in Resources */ = {isa = PBXBuildFile; fileRef = CEDB82C81FDAC8D200432334 /* Assets.xcassets */; };
		CEDB82CC1FDAC8D200432334 /* LaunchScreen.storyboard in Resources */ = {isa = PBXBuildFile; fileRef = CEDB82CA1FDAC8D200432334 /* LaunchScreen.storyboard */; };
		CEDB82D71FDAC8D200432334 /* Project4Tests.swift in Sources */ = {isa = PBXBuildFile; fileRef = CEDB82D61FDAC8D200432334 /* Project4Tests.swift */; };
		CEDB82E21FDAC8D200432334 /* Project4UITests.swift in Sources */ = {isa = PBXBuildFile; fileRef = CEDB82E11FDAC8D200432334 /* Project4UITests.swift */; };
/* End PBXBuildFile section */

/* Begin PBXContainerItemProxy section */
		CEDB82D31FDAC8D200432334 /* PBXContainerItemProxy */ = {
			isa = PBXContainerItemProxy;
			containerPortal = CEDB82B61FDAC8D200432334 /* Project object */;
			proxyType = 1;
			remoteGlobalIDString = CEDB82BD1FDAC8D200432334;
			remoteInfo = Project4;
		};
		CEDB82DE1FDAC8D200432334 /* PBXContainerItemProxy */ = {
			isa = PBXContainerItemProxy;
			containerPortal = CEDB82B61FDAC8D200432334 /* Project object */;
			proxyType = 1;
			remoteGlobalIDString = CEDB82BD1FDAC8D200432334;
			remoteInfo = Project4;
		};
/* End PBXContainerItemProxy section */

/* Begin PBXFileReference section */
		CEDB82BE1FDAC8D200432334 /* Project4.app */ = {isa = PBXFileReference; explicitFileType = wrapper.application; includeInIndex = 0; path = Project4.app; sourceTree = BUILT_PRODUCTS_DIR; };
		CEDB82C11FDAC8D200432334 /* AppDelegate.swift */ = {isa = PBXFileReference; lastKnownFileType = sourcecode.swift; path = AppDelegate.swift; sourceTree = "<group>"; };
		CEDB82C31FDAC8D200432334 /* ViewController.swift */ = {isa = PBXFileReference; lastKnownFileType = sourcecode.swift; path = ViewController.swift; sourceTree = "<group>"; };
		CEDB82C61FDAC8D200432334 /* Base */ = {isa = PBXFileReference; lastKnownFileType = file.storyboard; name = Base; path = Base.lproj/Main.storyboard; sourceTree = "<group>"; };
		CEDB82C81FDAC8D200432334 /* Assets.xcassets */ = {isa = PBXFileReference; lastKnownFileType = folder.assetcatalog; path = Assets.xcassets; sourceTree = "<group>"; };
		CEDB82CB1FDAC8D200432334 /* Base */ = {isa = PBXFileReference; lastKnownFileType = file.storyboard; name = Base; path = Base.lproj/LaunchScreen.storyboard; sourceTree = "<group>"; };
		CEDB82CD1FDAC8D200432334 /* Info.plist */ = {isa = PBXFileReference; lastKnownFileType = text.plist.xml; path = Info.plist; sourceTree = "<group>"; };
		CEDB82D21FDAC8D200432334 /* Project4Tests.xctest */ = {isa = PBXFileReference; explicitFileType = wrapper.cfbundle; includeInIndex = 0; path = Project4Tests.xctest; sourceTree = BUILT_PRODUCTS_DIR; };
		CEDB82D61FDAC8D200432334 /* Project4Tests.swift */ = {isa = PBXFileReference; lastKnownFileType = sourcecode.swift; path = Project4Tests.swift; sourceTree = "<group>"; };
		CEDB82D81FDAC8D200432334 /* Info.plist */ = {isa = PBXFileReference; lastKnownFileType = text.plist.xml; path = Info.plist; sourceTree = "<group>"; };
		CEDB82DD1FDAC8D200432334 /* Project4UITests.xctest */ = {isa = PBXFileReference; explicitFileType = wrapper.cfbundle; includeInIndex = 0; path = Project4UITests.xctest; sourceTree = BUILT_PRODUCTS_DIR; };
		CEDB82E11FDAC8D200432334 /* Project4UITests.swift */ = {isa = PBXFileReference; lastKnownFileType = sourcecode.swift; path = Project4UITests.swift; sourceTree = "<group>"; };
		CEDB82E31FDAC8D200432334 /* Info.plist */ = {isa = PBXFileReference; lastKnownFileType = text.plist.xml; path = Info.plist; sourceTree = "<group>"; };
/* End PBXFileReference section */

/* Begin PBXFrameworksBuildPhase section */
		CEDB82BB1FDAC8D200432334 /* Frameworks */ = {
			isa = PBXFrameworksBuildPhase;
			buildActionMask = 2147483647;
			files = (
			);
			runOnlyForDeploymentPostprocessing = 0;
		};
		CEDB82CF1FDAC8D200432334 /* Frameworks */ = {
			isa = PBXFrameworksBuildPhase;
			buildActionMask = 2147483647;
			files = (
			);
			runOnlyForDeploymentPostprocessing = 0;
		};
		CEDB82DA1FDAC8D200432334 /* Frameworks */ = {
			isa = PBXFrameworksBuildPhase;
			buildActionMask = 2147483647;
			files = (
			);
			runOnlyForDeploymentPostprocessing = 0;
		};
/* End PBXFrameworksBuildPhase section */

/* Begin PBXGroup section */
		CEDB82B51FDAC8D100432334 = {
			isa = PBXGroup;
			children = (
				CEDB82C01FDAC8D200432334 /* Project4 */,
				CEDB82D51FDAC8D200432334 /* Project4Tests */,
				CEDB82E01FDAC8D200432334 /* Project4UITests */,
				CEDB82BF1FDAC8D200432334 /* Products */,
			);
			sourceTree = "<group>";
		};
		CEDB82BF1FDAC8D200432334 /* Products */ = {
			isa = PBXGroup;
			children = (
				CEDB82BE1FDAC8D200432334 /* Project4.app */,
				CEDB82D21FDAC8D200432334 /* Project4Tests.xctest */,
				CEDB82DD1FDAC8D200432334 /* Project4UITests.xctest */,
			);
			name = Products;
			sourceTree = "<group>";
		};
		CEDB82C01FDAC8D200432334 /* Project4 */ = {
			isa = PBXGroup;
			children = (
				CEDB82C11FDAC8D200432334 /* AppDelegate.swift */,
				CEDB82C31FDAC8D200432334 /* ViewController.swift */,
				CEDB82C51FDAC8D200432334 /* Main.storyboard */,
				CEDB82C81FDAC8D200432334 /* Assets.xcassets */,
				CEDB82CA1FDAC8D200432334 /* LaunchScreen.storyboard */,
				CEDB82CD1FDAC8D200432334 /* Info.plist */,
			);
			path = Project4;
			sourceTree = "<group>";
		};
		CEDB82D51FDAC8D200432334 /* Project4Tests */ = {
			isa = PBXGroup;
			children = (
				CEDB82D61FDAC8D200432334 /* Project4Tests.swift */,
				CEDB82D81FDAC8D200432334 /* Info.plist */,
			);
			path = Project4Tests;
			sourceTree = "<group>";
		};
		CEDB82E01FDAC8D200432334 /* Project4UITests */ = {
			isa = PBXGroup;
			children = (
				CEDB82E11FDAC8D200432334 /* Project4UITests.swift */,
				CEDB82E31FDAC8D200432334 /* Info.plist */,
			);
			path = Project4UITests;
			sourceTree = "<group>";
		};
/* End PBXGroup section */

/* Begin PBXNativeTarget section */
		CEDB82BD1FDAC8D200432334 /* Project4 */ = {
			isa = PBXNativeTarget;
			buildConfigurationList = CEDB82E61FDAC8D200432334 /* Build configuration list for PBXNativeTarget "Project4" */;
			buildPhases = (
				CEDB82BA1FDAC8D200432334 /* Sources */,
				CEDB82BB1FDAC8D200432334 /* Frameworks */,
				CEDB82BC1FDAC8D200432334 /* Resources */,
			);
			buildRules = (
			);
			dependencies = (
			);
			name = Project4;
			productName = Project4;
			productReference = CEDB82BE1FDAC8D200432334 /* Project4.app */;
			productType = "com.apple.product-type.application";
		};
		CEDB82D11FDAC8D200432334 /* Project4Tests */ = {
			isa = PBXNativeTarget;
			buildConfigurationList = CEDB82E91FDAC8D200432334 /* Build configuration list for PBXNativeTarget "Project4Tests" */;
			buildPhases = (
				CEDB82CE1FDAC8D200432334 /* Sources */,
				CEDB82CF1FDAC8D200432334 /* Frameworks */,
				CEDB82D01FDAC8D200432334 /* Resources */,
			);
			buildRules = (
			);
			dependencies = (
				CEDB82D41FDAC8D200432334 /* PBXTargetDependency */,
			);
			name = Project4Tests;
			productName = Project4Tests;
			productReference = CEDB82D21FDAC8D200432334 /* Project4Tests.xctest */;
			productType = "com.apple.product-type.bundle.unit-test";
		};
		CEDB82DC1FDAC8D200432334 /* Project4UITests */ = {
			isa = PBXNativeTarget;
			buildConfigurationList = CEDB82EC1FDAC8D200432334 /* Build configuration list for PBXNativeTarget "Project4UITests" */;
			buildPhases = (
				CEDB82D91FDAC8D200432334 /* Sources */,
				CEDB82DA1FDAC8D200432334 /* Frameworks */,
				CEDB82DB1FDAC8D200432334 /* Resources */,
			);
			buildRules = (
			);
			dependencies = (
				CEDB82DF1FDAC8D200432334 /* PBXTargetDependency */,
			);
			name = Project4UITests;
			productName = Project4UITests;
			productReference = CEDB82DD1FDAC8D200432334 /* Project4UITests.xctest */;
			productType = "com.apple.product-type.bundle.ui-testing";
		};
/* End PBXNativeTarget section */

/* Begin PBXProject section */
		CEDB82B61FDAC8D200432334 /* Project object */ = {
			isa = PBXProject;
			attributes = {
				LastSwiftUpdateCheck = 0910;
				LastUpgradeCheck = 0910;
				ORGANIZATIONNAME = Femi;
				TargetAttributes = {
					CEDB82BD1FDAC8D200432334 = {
						CreatedOnToolsVersion = 9.1;
						ProvisioningStyle = Automatic;
					};
					CEDB82D11FDAC8D200432334 = {
						CreatedOnToolsVersion = 9.1;
						ProvisioningStyle = Automatic;
						TestTargetID = CEDB82BD1FDAC8D200432334;
					};
					CEDB82DC1FDAC8D200432334 = {
						CreatedOnToolsVersion = 9.1;
						ProvisioningStyle = Automatic;
						TestTargetID = CEDB82BD1FDAC8D200432334;
					};
				};
			};
			buildConfigurationList = CEDB82B91FDAC8D200432334 /* Build configuration list for PBXProject "Project4" */;
			compatibilityVersion = "Xcode 8.0";
			developmentRegion = en;
			hasScannedForEncodings = 0;
			knownRegions = (
				en,
				Base,
			);
			mainGroup = CEDB82B51FDAC8D100432334;
			productRefGroup = CEDB82BF1FDAC8D200432334 /* Products */;
			projectDirPath = "";
			projectRoot = "";
			targets = (
				CEDB82BD1FDAC8D200432334 /* Project4 */,
				CEDB82D11FDAC8D200432334 /* Project4Tests */,
				CEDB82DC1FDAC8D200432334 /* Project4UITests */,
			);
		};
/* End PBXProject section */

/* Begin PBXResourcesBuildPhase section */
		CEDB82BC1FDAC8D200432334 /* Resources */ = {
			isa = PBXResourcesBuildPhase;
			buildActionMask = 2147483647;
			files = (
				CEDB82CC1FDAC8D200432334 /* LaunchScreen.storyboard in Resources */,
				CEDB82C91FDAC8D200432334 /* Assets.xcassets in Resources */,
				CEDB82C71FDAC8D200432334 /* Main.storyboard in Resources */,
			);
			runOnlyForDeploymentPostprocessing = 0;
		};
		CEDB82D01FDAC8D200432334 /* Resources */ = {
			isa = PBXResourcesBuildPhase;
			buildActionMask = 2147483647;
			files = (
			);
			runOnlyForDeploymentPostprocessing = 0;
		};
		CEDB82DB1FDAC8D200432334 /* Resources */ = {
			isa = PBXResourcesBuildPhase;
			buildActionMask = 2147483647;
			files = (
			);
			runOnlyForDeploymentPostprocessing = 0;
		};
/* End PBXResourcesBuildPhase section */

/* Begin PBXSourcesBuildPhase section */
		CEDB82BA1FDAC8D200432334 /* Sources */ = {
			isa = PBXSourcesBuildPhase;
			buildActionMask = 2147483647;
			files = (
				CEDB82C41FDAC8D200432334 /* ViewController.swift in Sources */,
				CEDB82C21FDAC8D200432334 /* AppDelegate.swift in Sources */,
			);
			runOnlyForDeploymentPostprocessing = 0;
		};
		CEDB82CE1FDAC8D200432334 /* Sources */ = {
			isa = PBXSourcesBuildPhase;
			buildActionMask = 2147483647;
			files = (
				CEDB82D71FDAC8D200432334 /* Project4Tests.swift in Sources */,
			);
			runOnlyForDeploymentPostprocessing = 0;
		};
		CEDB82D91FDAC8D200432334 /* Sources */ = {
			isa = PBXSourcesBuildPhase;
			buildActionMask = 2147483647;
			files = (
				CEDB82E21FDAC8D200432334 /* Project4UITests.swift in Sources */,
			);
			runOnlyForDeploymentPostprocessing = 0;
		};
/* End PBXSourcesBuildPhase section */

/* Begin PBXTargetDependency section */
		CEDB82D41FDAC8D200432334 /* PBXTargetDependency */ = {
			isa = PBXTargetDependency;
			target = CEDB82BD1FDAC8D200432334 /* Project4 */;
			targetProxy = CEDB82D31FDAC8D200432334 /* PBXContainerItemProxy */;
		};
		CEDB82DF1FDAC8D200432334 /* PBXTargetDependency */ = {
			isa = PBXTargetDependency;
			target = CEDB82BD1FDAC8D200432334 /* Project4 */;
			targetProxy = CEDB82DE1FDAC8D200432334 /* PBXContainerItemProxy */;
		};
/* End PBXTargetDependency section */

/* Begin PBXVariantGroup section */
		CEDB82C51FDAC8D200432334 /* Main.storyboard */ = {
			isa = PBXVariantGroup;
			children = (
				CEDB82C61FDAC8D200432334 /* Base */,
			);
			name = Main.storyboard;
			sourceTree = "<group>";
		};
		CEDB82CA1FDAC8D200432334 /* LaunchScreen.storyboard */ = {
			isa = PBXVariantGroup;
			children = (
				CEDB82CB1FDAC8D200432334 /* Base */,
			);
			name = LaunchScreen.storyboard;
			sourceTree = "<group>";
		};
/* End PBXVariantGroup section */

/* Begin XCBuildConfiguration section */
		CEDB82E41FDAC8D200432334 /* Debug */ = {
			isa = XCBuildConfiguration;
			buildSettings = {
				ALWAYS_SEARCH_USER_PATHS = NO;
				CLANG_ANALYZER_NONNULL = YES;
				CLANG_ANALYZER_NUMBER_OBJECT_CONVERSION = YES_AGGRESSIVE;
				CLANG_CXX_LANGUAGE_STANDARD = "gnu++14";
				CLANG_CXX_LIBRARY = "libc++";
				CLANG_ENABLE_MODULES = YES;
				CLANG_ENABLE_OBJC_ARC = YES;
				CLANG_WARN_BLOCK_CAPTURE_AUTORELEASING = YES;
				CLANG_WARN_BOOL_CONVERSION = YES;
				CLANG_WARN_COMMA = YES;
				CLANG_WARN_CONSTANT_CONVERSION = YES;
				CLANG_WARN_DIRECT_OBJC_ISA_USAGE = YES_ERROR;
				CLANG_WARN_DOCUMENTATION_COMMENTS = YES;
				CLANG_WARN_EMPTY_BODY = YES;
				CLANG_WARN_ENUM_CONVERSION = YES;
				CLANG_WARN_INFINITE_RECURSION = YES;
				CLANG_WARN_INT_CONVERSION = YES;
				CLANG_WARN_NON_LITERAL_NULL_CONVERSION = YES;
				CLANG_WARN_OBJC_LITERAL_CONVERSION = YES;
				CLANG_WARN_OBJC_ROOT_CLASS = YES_ERROR;
				CLANG_WARN_RANGE_LOOP_ANALYSIS = YES;
				CLANG_WARN_STRICT_PROTOTYPES = YES;
				CLANG_WARN_SUSPICIOUS_MOVE = YES;
				CLANG_WARN_UNGUARDED_AVAILABILITY = YES_AGGRESSIVE;
				CLANG_WARN_UNREACHABLE_CODE = YES;
				CLANG_WARN__DUPLICATE_METHOD_MATCH = YES;
				CODE_SIGN_IDENTITY = "iPhone Developer";
				COPY_PHASE_STRIP = NO;
				DEBUG_INFORMATION_FORMAT = dwarf;
				ENABLE_STRICT_OBJC_MSGSEND = YES;
				ENABLE_TESTABILITY = YES;
				GCC_C_LANGUAGE_STANDARD = gnu11;
				GCC_DYNAMIC_NO_PIC = NO;
				GCC_NO_COMMON_BLOCKS = YES;
				GCC_OPTIMIZATION_LEVEL = 0;
				GCC_PREPROCESSOR_DEFINITIONS = (
					"DEBUG=1",
					"$(inherited)",
				);
				GCC_WARN_64_TO_32_BIT_CONVERSION = YES;
				GCC_WARN_ABOUT_RETURN_TYPE = YES_ERROR;
				GCC_WARN_UNDECLARED_SELECTOR = YES;
				GCC_WARN_UNINITIALIZED_AUTOS = YES_AGGRESSIVE;
				GCC_WARN_UNUSED_FUNCTION = YES;
				GCC_WARN_UNUSED_VARIABLE = YES;
				IPHONEOS_DEPLOYMENT_TARGET = 11.1;
				MTL_ENABLE_DEBUG_INFO = YES;
				ONLY_ACTIVE_ARCH = YES;
				SDKROOT = iphoneos;
				SWIFT_ACTIVE_COMPILATION_CONDITIONS = DEBUG;
				SWIFT_OPTIMIZATION_LEVEL = "-Onone";
			};
			name = Debug;
		};
		CEDB82E51FDAC8D200432334 /* Release */ = {
			isa = XCBuildConfiguration;
			buildSettings = {
				ALWAYS_SEARCH_USER_PATHS = NO;
				CLANG_ANALYZER_NONNULL = YES;
				CLANG_ANALYZER_NUMBER_OBJECT_CONVERSION = YES_AGGRESSIVE;
				CLANG_CXX_LANGUAGE_STANDARD = "gnu++14";
				CLANG_CXX_LIBRARY = "libc++";
				CLANG_ENABLE_MODULES = YES;
				CLANG_ENABLE_OBJC_ARC = YES;
				CLANG_WARN_BLOCK_CAPTURE_AUTORELEASING = YES;
				CLANG_WARN_BOOL_CONVERSION = YES;
				CLANG_WARN_COMMA = YES;
				CLANG_WARN_CONSTANT_CONVERSION = YES;
				CLANG_WARN_DIRECT_OBJC_ISA_USAGE = YES_ERROR;
				CLANG_WARN_DOCUMENTATION_COMMENTS = YES;
				CLANG_WARN_EMPTY_BODY = YES;
				CLANG_WARN_ENUM_CONVERSION = YES;
				CLANG_WARN_INFINITE_RECURSION = YES;
				CLANG_WARN_INT_CONVERSION = YES;
				CLANG_WARN_NON_LITERAL_NULL_CONVERSION = YES;
				CLANG_WARN_OBJC_LITERAL_CONVERSION = YES;
				CLANG_WARN_OBJC_ROOT_CLASS = YES_ERROR;
				CLANG_WARN_RANGE_LOOP_ANALYSIS = YES;
				CLANG_WARN_STRICT_PROTOTYPES = YES;
				CLANG_WARN_SUSPICIOUS_MOVE = YES;
				CLANG_WARN_UNGUARDED_AVAILABILITY = YES_AGGRESSIVE;
				CLANG_WARN_UNREACHABLE_CODE = YES;
				CLANG_WARN__DUPLICATE_METHOD_MATCH = YES;
				CODE_SIGN_IDENTITY = "iPhone Developer";
				COPY_PHASE_STRIP = NO;
				DEBUG_INFORMATION_FORMAT = "dwarf-with-dsym";
				ENABLE_NS_ASSERTIONS = NO;
				ENABLE_STRICT_OBJC_MSGSEND = YES;
				GCC_C_LANGUAGE_STANDARD = gnu11;
				GCC_NO_COMMON_BLOCKS = YES;
				GCC_WARN_64_TO_32_BIT_CONVERSION = YES;
				GCC_WARN_ABOUT_RETURN_TYPE = YES_ERROR;
				GCC_WARN_UNDECLARED_SELECTOR = YES;
				GCC_WARN_UNINITIALIZED_AUTOS = YES_AGGRESSIVE;
				GCC_WARN_UNUSED_FUNCTION = YES;
				GCC_WARN_UNUSED_VARIABLE = YES;
				IPHONEOS_DEPLOYMENT_TARGET = 11.1;
				MTL_ENABLE_DEBUG_INFO = NO;
				SDKROOT = iphoneos;
				SWIFT_OPTIMIZATION_LEVEL = "-Owholemodule";
				VALIDATE_PRODUCT = YES;
			};
			name = Release;
		};
		CEDB82E71FDAC8D200432334 /* Debug */ = {
			isa = XCBuildConfiguration;
			buildSettings = {
				ASSETCATALOG_COMPILER_APPICON_NAME = AppIcon;
				CODE_SIGN_STYLE = Automatic;
				DEVELOPMENT_TEAM = 9YS88AZ837;
				INFOPLIST_FILE = Project4/Info.plist;
				IPHONEOS_DEPLOYMENT_TARGET = 11.0;
				LD_RUNPATH_SEARCH_PATHS = "$(inherited) @executable_path/Frameworks";
				PRODUCT_BUNDLE_IDENTIFIER = Femi.Project4;
				PRODUCT_NAME = "$(TARGET_NAME)";
				SWIFT_VERSION = 4.0;
				TARGETED_DEVICE_FAMILY = "1,2";
			};
			name = Debug;
		};
		CEDB82E81FDAC8D200432334 /* Release */ = {
			isa = XCBuildConfiguration;
			buildSettings = {
				ASSETCATALOG_COMPILER_APPICON_NAME = AppIcon;
				CODE_SIGN_STYLE = Automatic;
				DEVELOPMENT_TEAM = 9YS88AZ837;
				INFOPLIST_FILE = Project4/Info.plist;
				IPHONEOS_DEPLOYMENT_TARGET = 11.0;
				LD_RUNPATH_SEARCH_PATHS = "$(inherited) @executable_path/Frameworks";
				PRODUCT_BUNDLE_IDENTIFIER = Femi.Project4;
				PRODUCT_NAME = "$(TARGET_NAME)";
				SWIFT_VERSION = 4.0;
				TARGETED_DEVICE_FAMILY = "1,2";
			};
			name = Release;
		};
		CEDB82EA1FDAC8D200432334 /* Debug */ = {
			isa = XCBuildConfiguration;
			buildSettings = {
				ALWAYS_EMBED_SWIFT_STANDARD_LIBRARIES = YES;
				BUNDLE_LOADER = "$(TEST_HOST)";
				CODE_SIGN_STYLE = Automatic;
				INFOPLIST_FILE = Project4Tests/Info.plist;
				LD_RUNPATH_SEARCH_PATHS = "$(inherited) @executable_path/Frameworks @loader_path/Frameworks";
				PRODUCT_BUNDLE_IDENTIFIER = Femi.Project4Tests;
				PRODUCT_NAME = "$(TARGET_NAME)";
				SWIFT_VERSION = 4.0;
				TARGETED_DEVICE_FAMILY = "1,2";
				TEST_HOST = "$(BUILT_PRODUCTS_DIR)/Project4.app/Project4";
			};
			name = Debug;
		};
		CEDB82EB1FDAC8D200432334 /* Release */ = {
			isa = XCBuildConfiguration;
			buildSettings = {
				ALWAYS_EMBED_SWIFT_STANDARD_LIBRARIES = YES;
				BUNDLE_LOADER = "$(TEST_HOST)";
				CODE_SIGN_STYLE = Automatic;
				INFOPLIST_FILE = Project4Tests/Info.plist;
				LD_RUNPATH_SEARCH_PATHS = "$(inherited) @executable_path/Frameworks @loader_path/Frameworks";
				PRODUCT_BUNDLE_IDENTIFIER = Femi.Project4Tests;
				PRODUCT_NAME = "$(TARGET_NAME)";
				SWIFT_VERSION = 4.0;
				TARGETED_DEVICE_FAMILY = "1,2";
				TEST_HOST = "$(BUILT_PRODUCTS_DIR)/Project4.app/Project4";
			};
			name = Release;
		};
		CEDB82ED1FDAC8D200432334 /* Debug */ = {
			isa = XCBuildConfiguration;
			buildSettings = {
				ALWAYS_EMBED_SWIFT_STANDARD_LIBRARIES = YES;
				CODE_SIGN_STYLE = Automatic;
				INFOPLIST_FILE = Project4UITests/Info.plist;
				LD_RUNPATH_SEARCH_PATHS = "$(inherited) @executable_path/Frameworks @loader_path/Frameworks";
				PRODUCT_BUNDLE_IDENTIFIER = Femi.Project4UITests;
				PRODUCT_NAME = "$(TARGET_NAME)";
				SWIFT_VERSION = 4.0;
				TARGETED_DEVICE_FAMILY = "1,2";
				TEST_TARGET_NAME = Project4;
			};
			name = Debug;
		};
		CEDB82EE1FDAC8D200432334 /* Release */ = {
			isa = XCBuildConfiguration;
			buildSettings = {
				ALWAYS_EMBED_SWIFT_STANDARD_LIBRARIES = YES;
				CODE_SIGN_STYLE = Automatic;
				INFOPLIST_FILE = Project4UITests/Info.plist;
				LD_RUNPATH_SEARCH_PATHS = "$(inherited) @executable_path/Frameworks @loader_path/Frameworks";
				PRODUCT_BUNDLE_IDENTIFIER = Femi.Project4UITests;
				PRODUCT_NAME = "$(TARGET_NAME)";
				SWIFT_VERSION = 4.0;
				TARGETED_DEVICE_FAMILY = "1,2";
				TEST_TARGET_NAME = Project4;
			};
			name = Release;
		};
/* End XCBuildConfiguration section */

/* Begin XCConfigurationList section */
		CEDB82B91FDAC8D200432334 /* Build configuration list for PBXProject "Project4" */ = {
			isa = XCConfigurationList;
			buildConfigurations = (
				CEDB82E41FDAC8D200432334 /* Debug */,
				CEDB82E51FDAC8D200432334 /* Release */,
			);
			defaultConfigurationIsVisible = 0;
			defaultConfigurationName = Release;
		};
		CEDB82E61FDAC8D200432334 /* Build configuration list for PBXNativeTarget "Project4" */ = {
			isa = XCConfigurationList;
			buildConfigurations = (
				CEDB82E71FDAC8D200432334 /* Debug */,
				CEDB82E81FDAC8D200432334 /* Release */,
			);
			defaultConfigurationIsVisible = 0;
			defaultConfigurationName = Release;
		};
		CEDB82E91FDAC8D200432334 /* Build configuration list for PBXNativeTarget "Project4Tests" */ = {
			isa = XCConfigurationList;
			buildConfigurations = (
				CEDB82EA1FDAC8D200432334 /* Debug */,
				CEDB82EB1FDAC8D200432334 /* Release */,
			);
			defaultConfigurationIsVisible = 0;
			defaultConfigurationName = Release;
		};
		CEDB82EC1FDAC8D200432334 /* Build configuration list for PBXNativeTarget "Project4UITests" */ = {
			isa = XCConfigurationList;
			buildConfigurations = (
				CEDB82ED1FDAC8D200432334 /* Debug */,
				CEDB82EE1FDAC8D200432334 /* Release */,
			);
			defaultConfigurationIsVisible = 0;
			defaultConfigurationName = Release;
		};
/* End XCConfigurationList section */
	};
	rootObject = CEDB82B61FDAC8D200432334 /* Project object */;
}
