// !$*UTF8*$!
{
	archiveVersion = 1;
	classes = {
	};
	objectVersion = 48;
	objects = {

/* Begin PBXBuildFile section */
		CEDB82FC1FDC0A9800432334 /* AppDelegate.swift in Sources */ = {isa = PBXBuildFile; fileRef = CEDB82FB1FDC0A9800432334 /* AppDelegate.swift */; };
		CEDB82FE1FDC0A9800432334 /* ViewController.swift in Sources */ = {isa = PBXBuildFile; fileRef = CEDB82FD1FDC0A9800432334 /* ViewController.swift */; };
		CEDB83011FDC0A9800432334 /* Main.storyboard in Resources */ = {isa = PBXBuildFile; fileRef = CEDB82FF1FDC0A9800432334 /* Main.storyboard */; };
		CEDB83031FDC0A9800432334 /* Assets.xcassets in Resources */ = {isa = PBXBuildFile; fileRef = CEDB83021FDC0A9800432334 /* Assets.xcassets */; };
		CEDB83061FDC0A9800432334 /* LaunchScreen.storyboard in Resources */ = {isa = PBXBuildFile; fileRef = CEDB83041FDC0A9800432334 /* LaunchScreen.storyboard */; };
		CEDB83111FDC0A9900432334 /* Project5Tests.swift in Sources */ = {isa = PBXBuildFile; fileRef = CEDB83101FDC0A9900432334 /* Project5Tests.swift */; };
		CEDB831C1FDC0A9900432334 /* Project5UITests.swift in Sources */ = {isa = PBXBuildFile; fileRef = CEDB831B1FDC0A9900432334 /* Project5UITests.swift */; };
		CEDB832A1FDC217300432334 /* start.txt in Resources */ = {isa = PBXBuildFile; fileRef = CEDB83291FDC217200432334 /* start.txt */; };
/* End PBXBuildFile section */

/* Begin PBXContainerItemProxy section */
		CEDB830D1FDC0A9900432334 /* PBXContainerItemProxy */ = {
			isa = PBXContainerItemProxy;
			containerPortal = CEDB82F01FDC0A9800432334 /* Project object */;
			proxyType = 1;
			remoteGlobalIDString = CEDB82F71FDC0A9800432334;
			remoteInfo = Project5;
		};
		CEDB83181FDC0A9900432334 /* PBXContainerItemProxy */ = {
			isa = PBXContainerItemProxy;
			containerPortal = CEDB82F01FDC0A9800432334 /* Project object */;
			proxyType = 1;
			remoteGlobalIDString = CEDB82F71FDC0A9800432334;
			remoteInfo = Project5;
		};
/* End PBXContainerItemProxy section */

/* Begin PBXFileReference section */
		CEDB82F81FDC0A9800432334 /* Project5.app */ = {isa = PBXFileReference; explicitFileType = wrapper.application; includeInIndex = 0; path = Project5.app; sourceTree = BUILT_PRODUCTS_DIR; };
		CEDB82FB1FDC0A9800432334 /* AppDelegate.swift */ = {isa = PBXFileReference; lastKnownFileType = sourcecode.swift; path = AppDelegate.swift; sourceTree = "<group>"; };
		CEDB82FD1FDC0A9800432334 /* ViewController.swift */ = {isa = PBXFileReference; lastKnownFileType = sourcecode.swift; path = ViewController.swift; sourceTree = "<group>"; };
		CEDB83001FDC0A9800432334 /* Base */ = {isa = PBXFileReference; lastKnownFileType = file.storyboard; name = Base; path = Base.lproj/Main.storyboard; sourceTree = "<group>"; };
		CEDB83021FDC0A9800432334 /* Assets.xcassets */ = {isa = PBXFileReference; lastKnownFileType = folder.assetcatalog; path = Assets.xcassets; sourceTree = "<group>"; };
		CEDB83051FDC0A9800432334 /* Base */ = {isa = PBXFileReference; lastKnownFileType = file.storyboard; name = Base; path = Base.lproj/LaunchScreen.storyboard; sourceTree = "<group>"; };
		CEDB83071FDC0A9800432334 /* Info.plist */ = {isa = PBXFileReference; lastKnownFileType = text.plist.xml; path = Info.plist; sourceTree = "<group>"; };
		CEDB830C1FDC0A9900432334 /* Project5Tests.xctest */ = {isa = PBXFileReference; explicitFileType = wrapper.cfbundle; includeInIndex = 0; path = Project5Tests.xctest; sourceTree = BUILT_PRODUCTS_DIR; };
		CEDB83101FDC0A9900432334 /* Project5Tests.swift */ = {isa = PBXFileReference; lastKnownFileType = sourcecode.swift; path = Project5Tests.swift; sourceTree = "<group>"; };
		CEDB83121FDC0A9900432334 /* Info.plist */ = {isa = PBXFileReference; lastKnownFileType = text.plist.xml; path = Info.plist; sourceTree = "<group>"; };
		CEDB83171FDC0A9900432334 /* Project5UITests.xctest */ = {isa = PBXFileReference; explicitFileType = wrapper.cfbundle; includeInIndex = 0; path = Project5UITests.xctest; sourceTree = BUILT_PRODUCTS_DIR; };
		CEDB831B1FDC0A9900432334 /* Project5UITests.swift */ = {isa = PBXFileReference; lastKnownFileType = sourcecode.swift; path = Project5UITests.swift; sourceTree = "<group>"; };
		CEDB831D1FDC0A9900432334 /* Info.plist */ = {isa = PBXFileReference; lastKnownFileType = text.plist.xml; path = Info.plist; sourceTree = "<group>"; };
		CEDB83291FDC217200432334 /* start.txt */ = {isa = PBXFileReference; fileEncoding = 4; lastKnownFileType = text; path = start.txt; sourceTree = "<group>"; };
/* End PBXFileReference section */

/* Begin PBXFrameworksBuildPhase section */
		CEDB82F51FDC0A9800432334 /* Frameworks */ = {
			isa = PBXFrameworksBuildPhase;
			buildActionMask = 2147483647;
			files = (
			);
			runOnlyForDeploymentPostprocessing = 0;
		};
		CEDB83091FDC0A9900432334 /* Frameworks */ = {
			isa = PBXFrameworksBuildPhase;
			buildActionMask = 2147483647;
			files = (
			);
			runOnlyForDeploymentPostprocessing = 0;
		};
		CEDB83141FDC0A9900432334 /* Frameworks */ = {
			isa = PBXFrameworksBuildPhase;
			buildActionMask = 2147483647;
			files = (
			);
			runOnlyForDeploymentPostprocessing = 0;
		};
/* End PBXFrameworksBuildPhase section */

/* Begin PBXGroup section */
		CEDB82EF1FDC0A9800432334 = {
			isa = PBXGroup;
			children = (
				CEDB82FA1FDC0A9800432334 /* Project5 */,
				CEDB830F1FDC0A9900432334 /* Project5Tests */,
				CEDB831A1FDC0A9900432334 /* Project5UITests */,
				CEDB82F91FDC0A9800432334 /* Products */,
			);
			sourceTree = "<group>";
		};
		CEDB82F91FDC0A9800432334 /* Products */ = {
			isa = PBXGroup;
			children = (
				CEDB82F81FDC0A9800432334 /* Project5.app */,
				CEDB830C1FDC0A9900432334 /* Project5Tests.xctest */,
				CEDB83171FDC0A9900432334 /* Project5UITests.xctest */,
			);
			name = Products;
			sourceTree = "<group>";
		};
		CEDB82FA1FDC0A9800432334 /* Project5 */ = {
			isa = PBXGroup;
			children = (
				CEDB83291FDC217200432334 /* start.txt */,
				CEDB82FB1FDC0A9800432334 /* AppDelegate.swift */,
				CEDB82FD1FDC0A9800432334 /* ViewController.swift */,
				CEDB82FF1FDC0A9800432334 /* Main.storyboard */,
				CEDB83021FDC0A9800432334 /* Assets.xcassets */,
				CEDB83041FDC0A9800432334 /* LaunchScreen.storyboard */,
				CEDB83071FDC0A9800432334 /* Info.plist */,
			);
			path = Project5;
			sourceTree = "<group>";
		};
		CEDB830F1FDC0A9900432334 /* Project5Tests */ = {
			isa = PBXGroup;
			children = (
				CEDB83101FDC0A9900432334 /* Project5Tests.swift */,
				CEDB83121FDC0A9900432334 /* Info.plist */,
			);
			path = Project5Tests;
			sourceTree = "<group>";
		};
		CEDB831A1FDC0A9900432334 /* Project5UITests */ = {
			isa = PBXGroup;
			children = (
				CEDB831B1FDC0A9900432334 /* Project5UITests.swift */,
				CEDB831D1FDC0A9900432334 /* Info.plist */,
			);
			path = Project5UITests;
			sourceTree = "<group>";
		};
/* End PBXGroup section */

/* Begin PBXNativeTarget section */
		CEDB82F71FDC0A9800432334 /* Project5 */ = {
			isa = PBXNativeTarget;
			buildConfigurationList = CEDB83201FDC0A9900432334 /* Build configuration list for PBXNativeTarget "Project5" */;
			buildPhases = (
				CEDB82F41FDC0A9800432334 /* Sources */,
				CEDB82F51FDC0A9800432334 /* Frameworks */,
				CEDB82F61FDC0A9800432334 /* Resources */,
			);
			buildRules = (
			);
			dependencies = (
			);
			name = Project5;
			productName = Project5;
			productReference = CEDB82F81FDC0A9800432334 /* Project5.app */;
			productType = "com.apple.product-type.application";
		};
		CEDB830B1FDC0A9900432334 /* Project5Tests */ = {
			isa = PBXNativeTarget;
			buildConfigurationList = CEDB83231FDC0A9900432334 /* Build configuration list for PBXNativeTarget "Project5Tests" */;
			buildPhases = (
				CEDB83081FDC0A9900432334 /* Sources */,
				CEDB83091FDC0A9900432334 /* Frameworks */,
				CEDB830A1FDC0A9900432334 /* Resources */,
			);
			buildRules = (
			);
			dependencies = (
				CEDB830E1FDC0A9900432334 /* PBXTargetDependency */,
			);
			name = Project5Tests;
			productName = Project5Tests;
			productReference = CEDB830C1FDC0A9900432334 /* Project5Tests.xctest */;
			productType = "com.apple.product-type.bundle.unit-test";
		};
		CEDB83161FDC0A9900432334 /* Project5UITests */ = {
			isa = PBXNativeTarget;
			buildConfigurationList = CEDB83261FDC0A9900432334 /* Build configuration list for PBXNativeTarget "Project5UITests" */;
			buildPhases = (
				CEDB83131FDC0A9900432334 /* Sources */,
				CEDB83141FDC0A9900432334 /* Frameworks */,
				CEDB83151FDC0A9900432334 /* Resources */,
			);
			buildRules = (
			);
			dependencies = (
				CEDB83191FDC0A9900432334 /* PBXTargetDependency */,
			);
			name = Project5UITests;
			productName = Project5UITests;
			productReference = CEDB83171FDC0A9900432334 /* Project5UITests.xctest */;
			productType = "com.apple.product-type.bundle.ui-testing";
		};
/* End PBXNativeTarget section */

/* Begin PBXProject section */
		CEDB82F01FDC0A9800432334 /* Project object */ = {
			isa = PBXProject;
			attributes = {
				LastSwiftUpdateCheck = 0910;
				LastUpgradeCheck = 0910;
				ORGANIZATIONNAME = Femi;
				TargetAttributes = {
					CEDB82F71FDC0A9800432334 = {
						CreatedOnToolsVersion = 9.1;
						ProvisioningStyle = Automatic;
					};
					CEDB830B1FDC0A9900432334 = {
						CreatedOnToolsVersion = 9.1;
						ProvisioningStyle = Automatic;
						TestTargetID = CEDB82F71FDC0A9800432334;
					};
					CEDB83161FDC0A9900432334 = {
						CreatedOnToolsVersion = 9.1;
						ProvisioningStyle = Automatic;
						TestTargetID = CEDB82F71FDC0A9800432334;
					};
				};
			};
			buildConfigurationList = CEDB82F31FDC0A9800432334 /* Build configuration list for PBXProject "Project5" */;
			compatibilityVersion = "Xcode 8.0";
			developmentRegion = en;
			hasScannedForEncodings = 0;
			knownRegions = (
				en,
				Base,
			);
			mainGroup = CEDB82EF1FDC0A9800432334;
			productRefGroup = CEDB82F91FDC0A9800432334 /* Products */;
			projectDirPath = "";
			projectRoot = "";
			targets = (
				CEDB82F71FDC0A9800432334 /* Project5 */,
				CEDB830B1FDC0A9900432334 /* Project5Tests */,
				CEDB83161FDC0A9900432334 /* Project5UITests */,
			);
		};
/* End PBXProject section */

/* Begin PBXResourcesBuildPhase section */
		CEDB82F61FDC0A9800432334 /* Resources */ = {
			isa = PBXResourcesBuildPhase;
			buildActionMask = 2147483647;
			files = (
				CEDB83061FDC0A9800432334 /* LaunchScreen.storyboard in Resources */,
				CEDB832A1FDC217300432334 /* start.txt in Resources */,
				CEDB83031FDC0A9800432334 /* Assets.xcassets in Resources */,
				CEDB83011FDC0A9800432334 /* Main.storyboard in Resources */,
			);
			runOnlyForDeploymentPostprocessing = 0;
		};
		CEDB830A1FDC0A9900432334 /* Resources */ = {
			isa = PBXResourcesBuildPhase;
			buildActionMask = 2147483647;
			files = (
			);
			runOnlyForDeploymentPostprocessing = 0;
		};
		CEDB83151FDC0A9900432334 /* Resources */ = {
			isa = PBXResourcesBuildPhase;
			buildActionMask = 2147483647;
			files = (
			);
			runOnlyForDeploymentPostprocessing = 0;
		};
/* End PBXResourcesBuildPhase section */

/* Begin PBXSourcesBuildPhase section */
		CEDB82F41FDC0A9800432334 /* Sources */ = {
			isa = PBXSourcesBuildPhase;
			buildActionMask = 2147483647;
			files = (
				CEDB82FE1FDC0A9800432334 /* ViewController.swift in Sources */,
				CEDB82FC1FDC0A9800432334 /* AppDelegate.swift in Sources */,
			);
			runOnlyForDeploymentPostprocessing = 0;
		};
		CEDB83081FDC0A9900432334 /* Sources */ = {
			isa = PBXSourcesBuildPhase;
			buildActionMask = 2147483647;
			files = (
				CEDB83111FDC0A9900432334 /* Project5Tests.swift in Sources */,
			);
			runOnlyForDeploymentPostprocessing = 0;
		};
		CEDB83131FDC0A9900432334 /* Sources */ = {
			isa = PBXSourcesBuildPhase;
			buildActionMask = 2147483647;
			files = (
				CEDB831C1FDC0A9900432334 /* Project5UITests.swift in Sources */,
			);
			runOnlyForDeploymentPostprocessing = 0;
		};
/* End PBXSourcesBuildPhase section */

/* Begin PBXTargetDependency section */
		CEDB830E1FDC0A9900432334 /* PBXTargetDependency */ = {
			isa = PBXTargetDependency;
			target = CEDB82F71FDC0A9800432334 /* Project5 */;
			targetProxy = CEDB830D1FDC0A9900432334 /* PBXContainerItemProxy */;
		};
		CEDB83191FDC0A9900432334 /* PBXTargetDependency */ = {
			isa = PBXTargetDependency;
			target = CEDB82F71FDC0A9800432334 /* Project5 */;
			targetProxy = CEDB83181FDC0A9900432334 /* PBXContainerItemProxy */;
		};
/* End PBXTargetDependency section */

/* Begin PBXVariantGroup section */
		CEDB82FF1FDC0A9800432334 /* Main.storyboard */ = {
			isa = PBXVariantGroup;
			children = (
				CEDB83001FDC0A9800432334 /* Base */,
			);
			name = Main.storyboard;
			sourceTree = "<group>";
		};
		CEDB83041FDC0A9800432334 /* LaunchScreen.storyboard */ = {
			isa = PBXVariantGroup;
			children = (
				CEDB83051FDC0A9800432334 /* Base */,
			);
			name = LaunchScreen.storyboard;
			sourceTree = "<group>";
		};
/* End PBXVariantGroup section */

/* Begin XCBuildConfiguration section */
		CEDB831E1FDC0A9900432334 /* Debug */ = {
			isa = XCBuildConfiguration;
			buildSettings = {
				ALWAYS_SEARCH_USER_PATHS = NO;
				CLANG_ANALYZER_NONNULL = YES;
				CLANG_ANALYZER_NUMBER_OBJECT_CONVERSION = YES_AGGRESSIVE;
				CLANG_CXX_LANGUAGE_STANDARD = "gnu++14";
				CLANG_CXX_LIBRARY = "libc++";
				CLANG_ENABLE_MODULES = YES;
				CLANG_ENABLE_OBJC_ARC = YES;
				CLANG_WARN_BLOCK_CAPTURE_AUTORELEASING = YES;
				CLANG_WARN_BOOL_CONVERSION = YES;
				CLANG_WARN_COMMA = YES;
				CLANG_WARN_CONSTANT_CONVERSION = YES;
				CLANG_WARN_DIRECT_OBJC_ISA_USAGE = YES_ERROR;
				CLANG_WARN_DOCUMENTATION_COMMENTS = YES;
				CLANG_WARN_EMPTY_BODY = YES;
				CLANG_WARN_ENUM_CONVERSION = YES;
				CLANG_WARN_INFINITE_RECURSION = YES;
				CLANG_WARN_INT_CONVERSION = YES;
				CLANG_WARN_NON_LITERAL_NULL_CONVERSION = YES;
				CLANG_WARN_OBJC_LITERAL_CONVERSION = YES;
				CLANG_WARN_OBJC_ROOT_CLASS = YES_ERROR;
				CLANG_WARN_RANGE_LOOP_ANALYSIS = YES;
				CLANG_WARN_STRICT_PROTOTYPES = YES;
				CLANG_WARN_SUSPICIOUS_MOVE = YES;
				CLANG_WARN_UNGUARDED_AVAILABILITY = YES_AGGRESSIVE;
				CLANG_WARN_UNREACHABLE_CODE = YES;
				CLANG_WARN__DUPLICATE_METHOD_MATCH = YES;
				CODE_SIGN_IDENTITY = "iPhone Developer";
				COPY_PHASE_STRIP = NO;
				DEBUG_INFORMATION_FORMAT = dwarf;
				ENABLE_STRICT_OBJC_MSGSEND = YES;
				ENABLE_TESTABILITY = YES;
				GCC_C_LANGUAGE_STANDARD = gnu11;
				GCC_DYNAMIC_NO_PIC = NO;
				GCC_NO_COMMON_BLOCKS = YES;
				GCC_OPTIMIZATION_LEVEL = 0;
				GCC_PREPROCESSOR_DEFINITIONS = (
					"DEBUG=1",
					"$(inherited)",
				);
				GCC_WARN_64_TO_32_BIT_CONVERSION = YES;
				GCC_WARN_ABOUT_RETURN_TYPE = YES_ERROR;
				GCC_WARN_UNDECLARED_SELECTOR = YES;
				GCC_WARN_UNINITIALIZED_AUTOS = YES_AGGRESSIVE;
				GCC_WARN_UNUSED_FUNCTION = YES;
				GCC_WARN_UNUSED_VARIABLE = YES;
				IPHONEOS_DEPLOYMENT_TARGET = 11.1;
				MTL_ENABLE_DEBUG_INFO = YES;
				ONLY_ACTIVE_ARCH = YES;
				SDKROOT = iphoneos;
				SWIFT_ACTIVE_COMPILATION_CONDITIONS = DEBUG;
				SWIFT_OPTIMIZATION_LEVEL = "-Onone";
			};
			name = Debug;
		};
		CEDB831F1FDC0A9900432334 /* Release */ = {
			isa = XCBuildConfiguration;
			buildSettings = {
				ALWAYS_SEARCH_USER_PATHS = NO;
				CLANG_ANALYZER_NONNULL = YES;
				CLANG_ANALYZER_NUMBER_OBJECT_CONVERSION = YES_AGGRESSIVE;
				CLANG_CXX_LANGUAGE_STANDARD = "gnu++14";
				CLANG_CXX_LIBRARY = "libc++";
				CLANG_ENABLE_MODULES = YES;
				CLANG_ENABLE_OBJC_ARC = YES;
				CLANG_WARN_BLOCK_CAPTURE_AUTORELEASING = YES;
				CLANG_WARN_BOOL_CONVERSION = YES;
				CLANG_WARN_COMMA = YES;
				CLANG_WARN_CONSTANT_CONVERSION = YES;
				CLANG_WARN_DIRECT_OBJC_ISA_USAGE = YES_ERROR;
				CLANG_WARN_DOCUMENTATION_COMMENTS = YES;
				CLANG_WARN_EMPTY_BODY = YES;
				CLANG_WARN_ENUM_CONVERSION = YES;
				CLANG_WARN_INFINITE_RECURSION = YES;
				CLANG_WARN_INT_CONVERSION = YES;
				CLANG_WARN_NON_LITERAL_NULL_CONVERSION = YES;
				CLANG_WARN_OBJC_LITERAL_CONVERSION = YES;
				CLANG_WARN_OBJC_ROOT_CLASS = YES_ERROR;
				CLANG_WARN_RANGE_LOOP_ANALYSIS = YES;
				CLANG_WARN_STRICT_PROTOTYPES = YES;
				CLANG_WARN_SUSPICIOUS_MOVE = YES;
				CLANG_WARN_UNGUARDED_AVAILABILITY = YES_AGGRESSIVE;
				CLANG_WARN_UNREACHABLE_CODE = YES;
				CLANG_WARN__DUPLICATE_METHOD_MATCH = YES;
				CODE_SIGN_IDENTITY = "iPhone Developer";
				COPY_PHASE_STRIP = NO;
				DEBUG_INFORMATION_FORMAT = "dwarf-with-dsym";
				ENABLE_NS_ASSERTIONS = NO;
				ENABLE_STRICT_OBJC_MSGSEND = YES;
				GCC_C_LANGUAGE_STANDARD = gnu11;
				GCC_NO_COMMON_BLOCKS = YES;
				GCC_WARN_64_TO_32_BIT_CONVERSION = YES;
				GCC_WARN_ABOUT_RETURN_TYPE = YES_ERROR;
				GCC_WARN_UNDECLARED_SELECTOR = YES;
				GCC_WARN_UNINITIALIZED_AUTOS = YES_AGGRESSIVE;
				GCC_WARN_UNUSED_FUNCTION = YES;
				GCC_WARN_UNUSED_VARIABLE = YES;
				IPHONEOS_DEPLOYMENT_TARGET = 11.1;
				MTL_ENABLE_DEBUG_INFO = NO;
				SDKROOT = iphoneos;
				SWIFT_OPTIMIZATION_LEVEL = "-Owholemodule";
				VALIDATE_PRODUCT = YES;
			};
			name = Release;
		};
		CEDB83211FDC0A9900432334 /* Debug */ = {
			isa = XCBuildConfiguration;
			buildSettings = {
				ASSETCATALOG_COMPILER_APPICON_NAME = AppIcon;
				CODE_SIGN_STYLE = Automatic;
				DEVELOPMENT_TEAM = 9YS88AZ837;
				INFOPLIST_FILE = Project5/Info.plist;
				IPHONEOS_DEPLOYMENT_TARGET = 11.0;
				LD_RUNPATH_SEARCH_PATHS = "$(inherited) @executable_path/Frameworks";
				PRODUCT_BUNDLE_IDENTIFIER = Femi.Project5;
				PRODUCT_NAME = "$(TARGET_NAME)";
				SWIFT_VERSION = 4.0;
				TARGETED_DEVICE_FAMILY = "1,2";
			};
			name = Debug;
		};
		CEDB83221FDC0A9900432334 /* Release */ = {
			isa = XCBuildConfiguration;
			buildSettings = {
				ASSETCATALOG_COMPILER_APPICON_NAME = AppIcon;
				CODE_SIGN_STYLE = Automatic;
				DEVELOPMENT_TEAM = 9YS88AZ837;
				INFOPLIST_FILE = Project5/Info.plist;
				IPHONEOS_DEPLOYMENT_TARGET = 11.0;
				LD_RUNPATH_SEARCH_PATHS = "$(inherited) @executable_path/Frameworks";
				PRODUCT_BUNDLE_IDENTIFIER = Femi.Project5;
				PRODUCT_NAME = "$(TARGET_NAME)";
				SWIFT_VERSION = 4.0;
				TARGETED_DEVICE_FAMILY = "1,2";
			};
			name = Release;
		};
		CEDB83241FDC0A9900432334 /* Debug */ = {
			isa = XCBuildConfiguration;
			buildSettings = {
				ALWAYS_EMBED_SWIFT_STANDARD_LIBRARIES = YES;
				BUNDLE_LOADER = "$(TEST_HOST)";
				CODE_SIGN_STYLE = Automatic;
				INFOPLIST_FILE = Project5Tests/Info.plist;
				LD_RUNPATH_SEARCH_PATHS = "$(inherited) @executable_path/Frameworks @loader_path/Frameworks";
				PRODUCT_BUNDLE_IDENTIFIER = Femi.Project5Tests;
				PRODUCT_NAME = "$(TARGET_NAME)";
				SWIFT_VERSION = 4.0;
				TARGETED_DEVICE_FAMILY = "1,2";
				TEST_HOST = "$(BUILT_PRODUCTS_DIR)/Project5.app/Project5";
			};
			name = Debug;
		};
		CEDB83251FDC0A9900432334 /* Release */ = {
			isa = XCBuildConfiguration;
			buildSettings = {
				ALWAYS_EMBED_SWIFT_STANDARD_LIBRARIES = YES;
				BUNDLE_LOADER = "$(TEST_HOST)";
				CODE_SIGN_STYLE = Automatic;
				INFOPLIST_FILE = Project5Tests/Info.plist;
				LD_RUNPATH_SEARCH_PATHS = "$(inherited) @executable_path/Frameworks @loader_path/Frameworks";
				PRODUCT_BUNDLE_IDENTIFIER = Femi.Project5Tests;
				PRODUCT_NAME = "$(TARGET_NAME)";
				SWIFT_VERSION = 4.0;
				TARGETED_DEVICE_FAMILY = "1,2";
				TEST_HOST = "$(BUILT_PRODUCTS_DIR)/Project5.app/Project5";
			};
			name = Release;
		};
		CEDB83271FDC0A9900432334 /* Debug */ = {
			isa = XCBuildConfiguration;
			buildSettings = {
				ALWAYS_EMBED_SWIFT_STANDARD_LIBRARIES = YES;
				CODE_SIGN_STYLE = Automatic;
				INFOPLIST_FILE = Project5UITests/Info.plist;
				LD_RUNPATH_SEARCH_PATHS = "$(inherited) @executable_path/Frameworks @loader_path/Frameworks";
				PRODUCT_BUNDLE_IDENTIFIER = Femi.Project5UITests;
				PRODUCT_NAME = "$(TARGET_NAME)";
				SWIFT_VERSION = 4.0;
				TARGETED_DEVICE_FAMILY = "1,2";
				TEST_TARGET_NAME = Project5;
			};
			name = Debug;
		};
		CEDB83281FDC0A9900432334 /* Release */ = {
			isa = XCBuildConfiguration;
			buildSettings = {
				ALWAYS_EMBED_SWIFT_STANDARD_LIBRARIES = YES;
				CODE_SIGN_STYLE = Automatic;
				INFOPLIST_FILE = Project5UITests/Info.plist;
				LD_RUNPATH_SEARCH_PATHS = "$(inherited) @executable_path/Frameworks @loader_path/Frameworks";
				PRODUCT_BUNDLE_IDENTIFIER = Femi.Project5UITests;
				PRODUCT_NAME = "$(TARGET_NAME)";
				SWIFT_VERSION = 4.0;
				TARGETED_DEVICE_FAMILY = "1,2";
				TEST_TARGET_NAME = Project5;
			};
			name = Release;
		};
/* End XCBuildConfiguration section */

/* Begin XCConfigurationList section */
		CEDB82F31FDC0A9800432334 /* Build configuration list for PBXProject "Project5" */ = {
			isa = XCConfigurationList;
			buildConfigurations = (
				CEDB831E1FDC0A9900432334 /* Debug */,
				CEDB831F1FDC0A9900432334 /* Release */,
			);
			defaultConfigurationIsVisible = 0;
			defaultConfigurationName = Release;
		};
		CEDB83201FDC0A9900432334 /* Build configuration list for PBXNativeTarget "Project5" */ = {
			isa = XCConfigurationList;
			buildConfigurations = (
				CEDB83211FDC0A9900432334 /* Debug */,
				CEDB83221FDC0A9900432334 /* Release */,
			);
			defaultConfigurationIsVisible = 0;
			defaultConfigurationName = Release;
		};
		CEDB83231FDC0A9900432334 /* Build configuration list for PBXNativeTarget "Project5Tests" */ = {
			isa = XCConfigurationList;
			buildConfigurations = (
				CEDB83241FDC0A9900432334 /* Debug */,
				CEDB83251FDC0A9900432334 /* Release */,
			);
			defaultConfigurationIsVisible = 0;
			defaultConfigurationName = Release;
		};
		CEDB83261FDC0A9900432334 /* Build configuration list for PBXNativeTarget "Project5UITests" */ = {
			isa = XCConfigurationList;
			buildConfigurations = (
				CEDB83271FDC0A9900432334 /* Debug */,
				CEDB83281FDC0A9900432334 /* Release */,
			);
			defaultConfigurationIsVisible = 0;
			defaultConfigurationName = Release;
		};
/* End XCConfigurationList section */
	};
	rootObject = CEDB82F01FDC0A9800432334 /* Project object */;
}
